
Microsoft Visual Studio Solution File, Format Version 12.00
# Visual Studio Version 17
VisualStudioVersion = 17.2.32516.85
MinimumVisualStudioVersion = 10.0.40219.1
Project("{9A19103F-16F7-4668-BE54-9A1E7A4F7556}") = "PowerSharp", "PowerSharp.csproj", "{53B0316D-1F99-4063-BD6C-BD98EE125933}"
EndProject
Global
	GlobalSection(SolutionConfigurationPlatforms) = preSolution
		Debug|Any CPU = Debug|Any CPU
		Release|Any CPU = Release|Any CPU
	EndGlobalSection
	GlobalSection(ProjectConfigurationPlatforms) = postSolution
		{53B0316D-1F99-4063-BD6C-BD98EE125933}.Debug|Any CPU.ActiveCfg = Debug|Any CPU
		{53B0316D-1F99-4063-BD6C-BD98EE125933}.Debug|Any CPU.Build.0 = Debug|Any CPU
		{53B0316D-1F99-4063-BD6C-BD98EE125933}.Release|Any CPU.ActiveCfg = Release|Any CPU
		{53B0316D-1F99-4063-BD6C-BD98EE125933}.Release|Any CPU.Build.0 = Release|Any CPU
	EndGlobalSection
	GlobalSection(SolutionProperties) = preSolution
		HideSolutionNode = FALSE
	EndGlobalSection
	GlobalSection(ExtensibilityGlobals) = postSolution
		SolutionGuid = {3F77FA02-0F1A-47E3-9A20-D889AB6DD47F}
	EndGlobalSection
EndGlobal
